<?xml version="1.0" encoding="utf-8"?>
<Project ToolsVersion="4.0" xmlns="http://schemas.microsoft.com/developer/msbuild/2003">
  <ItemGroup>
    <Filter Include="PCH">
      <UniqueIdentifier>{b5f5ee12-485a-46c6-8912-f68bd36c3939}</UniqueIdentifier>
    </Filter>
    <Filter Include="Framework">
      <UniqueIdentifier>{efa84192-c508-4d90-bd4f-f20469b9dd1d}</UniqueIdentifier>
    </Filter>
    <Filter Include="Network">
      <UniqueIdentifier>{cf912c45-091c-4420-9e69-c91e19719455}</UniqueIdentifier>
    </Filter>
    <Filter Include="Packet">
      <UniqueIdentifier>{29722402-b83b-44a8-b41e-6de800d3e954}</UniqueIdentifier>
    </Filter>
    <Filter Include="DataBase">
      <UniqueIdentifier>{dc35b781-1a48-4423-8831-ea4d7a23e600}</UniqueIdentifier>
    </Filter>
  </ItemGroup>
  <ItemGroup>
    <ClCompile Include="main.cpp">
      <Filter>Framework</Filter>
    </ClCompile>
    <ClCompile Include="TCPNetwork.cpp">
      <Filter>Network</Filter>
    </ClCompile>
    <ClCompile Include="TCPListenNetwork.cpp">
      <Filter>Network</Filter>
    </ClCompile>
    <ClCompile Include="PacketNetwork.cpp">
      <Filter>Network</Filter>
    </ClCompile>
    <ClCompile Include="ServerNetwork.cpp">
      <Filter>Network</Filter>
    </ClCompile>
    <ClCompile Include="ServerFramework.cpp">
      <Filter>Framework</Filter>
    </ClCompile>
    <ClCompile Include="stdafx.cpp">
      <Filter>PCH</Filter>
    </ClCompile>
    <ClCompile Include="ClientMgr.cpp">
      <Filter>Framework</Filter>
    </ClCompile>
    <ClCompile Include="..\Common.cpp">
      <Filter>PCH</Filter>
    </ClCompile>
    <ClCompile Include="DataBase.cpp">
      <Filter>DataBase</Filter>
    </ClCompile>
    <ClCompile Include="ConsoleLog.cpp" />
    <ClCompile Include="Log.cpp" />
    <ClCompile Include="ServerPacket.cpp" />
  </ItemGroup>
  <ItemGroup>
    <ClInclude Include="Types.h">
      <Filter>PCH</Filter>
    </ClInclude>
    <ClInclude Include="TCPNetwork.h">
      <Filter>Network</Filter>
    </ClInclude>
    <ClInclude Include="TCPListenNetwork.h">
      <Filter>Network</Filter>
    </ClInclude>
    <ClInclude Include="PacketNetwork.h">
      <Filter>Network</Filter>
    </ClInclude>
    <ClInclude Include="ServerNetwork.h">
      <Filter>Network</Filter>
    </ClInclude>
    <ClInclude Include="ServerFramework.h">
      <Filter>Framework</Filter>
    </ClInclude>
    <ClInclude Include="PacketStruct.h">
      <Filter>Packet</Filter>
    </ClInclude>
    <ClInclude Include="..\Common.h">
      <Filter>PCH</Filter>
    </ClInclude>
    <ClInclude Include="stdafx.h">
      <Filter>PCH</Filter>
    </ClInclude>
    <ClInclude Include="define.h">
      <Filter>PCH</Filter>
    </ClInclude>
    <ClInclude Include="func.h">
      <Filter>PCH</Filter>
    </ClInclude>
    <ClInclude Include="Data.h">
      <Filter>Packet</Filter>
    </ClInclude>
    <ClInclude Include="ClientMgr.h">
      <Filter>Framework</Filter>
    </ClInclude>
    <ClInclude Include="DataBase.h">
      <Filter>DataBase</Filter>
    </ClInclude>
    <ClInclude Include="conmanip.h" />
    <ClInclude Include="ConsoleLog.h" />
    <ClInclude Include="Log.h" />
    <ClInclude Include="ServerPacket.h" />
  </ItemGroup>
</Project>